
Microsoft Visual Studio Solution File, Format Version 12.00
# Visual Studio Version 16
VisualStudioVersion = 16.0.30204.135
MinimumVisualStudioVersion = 10.0.40219.1
Project("{FAE04EC0-301F-11D3-BF4B-00C04F79EFBC}") = "sortData", "sortData.csproj", "{F40BAED1-D771-4AFA-9561-3D58D35877BC}"
EndProject
Global
	GlobalSection(SolutionConfigurationPlatforms) = preSolution
		Debug|Any CPU = Debug|Any CPU
		Release|Any CPU = Release|Any CPU
	EndGlobalSection
	GlobalSection(ProjectConfigurationPlatforms) = postSolution
		{F40BAED1-D771-4AFA-9561-3D58D35877BC}.Debug|Any CPU.ActiveCfg = Debug|Any CPU
		{F40BAED1-D771-4AFA-9561-3D58D35877BC}.Debug|Any CPU.Build.0 = Debug|Any CPU
		{F40BAED1-D771-4AFA-9561-3D58D35877BC}.Release|Any CPU.ActiveCfg = Release|Any CPU
		{F40BAED1-D771-4AFA-9561-3D58D35877BC}.Release|Any CPU.Build.0 = Release|Any CPU
	EndGlobalSection
	GlobalSection(SolutionProperties) = preSolution
		HideSolutionNode = FALSE
	EndGlobalSection
	GlobalSection(ExtensibilityGlobals) = postSolution
		SolutionGuid = {DE99EB3D-B154-44A4-A477-82261CAC8109}
	EndGlobalSection
EndGlobal
